
Microsoft Visual Studio Solution File, Format Version 10.00
# Visual C# Express 2008
Project("{FAE04EC0-301F-11D3-BF4B-00C04F79EFBC}") = "ConApp6_StrExercise", "ConApp6_StrExercise\ConApp6_StrExercise.csproj", "{1014E84A-62FC-4405-BA43-1823D4A0DB76}"
EndProject
Global
	GlobalSection(SolutionConfigurationPlatforms) = preSolution
		Debug|Any CPU = Debug|Any CPU
		Release|Any CPU = Release|Any CPU
	EndGlobalSection
	GlobalSection(ProjectConfigurationPlatforms) = postSolution
		{1014E84A-62FC-4405-BA43-1823D4A0DB76}.Debug|Any CPU.ActiveCfg = Debug|Any CPU
		{1014E84A-62FC-4405-BA43-1823D4A0DB76}.Debug|Any CPU.Build.0 = Debug|Any CPU
		{1014E84A-62FC-4405-BA43-1823D4A0DB76}.Release|Any CPU.ActiveCfg = Release|Any CPU
		{1014E84A-62FC-4405-BA43-1823D4A0DB76}.Release|Any CPU.Build.0 = Release|Any CPU
	EndGlobalSection
	GlobalSection(SolutionProperties) = preSolution
		HideSolutionNode = FALSE
	EndGlobalSection
EndGlobal
