
Microsoft Visual Studio Solution File, Format Version 10.00
# Visual Web Developer Express 2008
Project("{FAE04EC0-301F-11D3-BF4B-00C04F79EFBC}") = "WebUserControl", "WebUserControl\WebUserControl.csproj", "{BAC7CE39-30C7-46F6-9767-7B4D71ACC541}"
EndProject
Global
	GlobalSection(SolutionConfigurationPlatforms) = preSolution
		Debug|Any CPU = Debug|Any CPU
		Release|Any CPU = Release|Any CPU
	EndGlobalSection
	GlobalSection(ProjectConfigurationPlatforms) = postSolution
		{BAC7CE39-30C7-46F6-9767-7B4D71ACC541}.Debug|Any CPU.ActiveCfg = Debug|Any CPU
		{BAC7CE39-30C7-46F6-9767-7B4D71ACC541}.Debug|Any CPU.Build.0 = Debug|Any CPU
		{BAC7CE39-30C7-46F6-9767-7B4D71ACC541}.Release|Any CPU.ActiveCfg = Release|Any CPU
		{BAC7CE39-30C7-46F6-9767-7B4D71ACC541}.Release|Any CPU.Build.0 = Release|Any CPU
	EndGlobalSection
	GlobalSection(SolutionProperties) = preSolution
		HideSolutionNode = FALSE
	EndGlobalSection
EndGlobal
