
Microsoft Visual Studio Solution File, Format Version 10.00
# Visual C# Express 2008
Project("{FAE04EC0-301F-11D3-BF4B-00C04F79EFBC}") = "ConApp14_Inherit", "ConApp14_Inherit\ConApp14_Inherit.csproj", "{731C9850-2D48-476E-83C4-1052331180CB}"
EndProject
Global
	GlobalSection(SolutionConfigurationPlatforms) = preSolution
		Debug|Any CPU = Debug|Any CPU
		Release|Any CPU = Release|Any CPU
	EndGlobalSection
	GlobalSection(ProjectConfigurationPlatforms) = postSolution
		{731C9850-2D48-476E-83C4-1052331180CB}.Debug|Any CPU.ActiveCfg = Debug|Any CPU
		{731C9850-2D48-476E-83C4-1052331180CB}.Debug|Any CPU.Build.0 = Debug|Any CPU
		{731C9850-2D48-476E-83C4-1052331180CB}.Release|Any CPU.ActiveCfg = Release|Any CPU
		{731C9850-2D48-476E-83C4-1052331180CB}.Release|Any CPU.Build.0 = Release|Any CPU
	EndGlobalSection
	GlobalSection(SolutionProperties) = preSolution
		HideSolutionNode = FALSE
	EndGlobalSection
EndGlobal
